
Microsoft Visual Studio Solution File, Format Version 12.00
# Visual Studio 15
VisualStudioVersion = 15.0.28307.572
MinimumVisualStudioVersion = 10.0.40219.1
Project("{00D1A9C2-B5F0-4AF3-8072-F6C62B433612}") = "Database2", "Database2\Database2.sqlproj", "{7BD7EF86-DF66-431C-B140-619B291C7A22}"
EndProject
Global
	GlobalSection(SolutionConfigurationPlatforms) = preSolution
		Debug|Any CPU = Debug|Any CPU
		Debug|x64 = Debug|x64
		Release|Any CPU = Release|Any CPU
		Release|x64 = Release|x64
	EndGlobalSection
	GlobalSection(ProjectConfigurationPlatforms) = postSolution
		{7BD7EF86-DF66-431C-B140-619B291C7A22}.Debug|Any CPU.ActiveCfg = Release|Any CPU
		{7BD7EF86-DF66-431C-B140-619B291C7A22}.Debug|Any CPU.Build.0 = Release|Any CPU
		{7BD7EF86-DF66-431C-B140-619B291C7A22}.Debug|Any CPU.Deploy.0 = Release|Any CPU
		{7BD7EF86-DF66-431C-B140-619B291C7A22}.Debug|x64.ActiveCfg = Debug|x64
		{7BD7EF86-DF66-431C-B140-619B291C7A22}.Debug|x64.Build.0 = Debug|x64
		{7BD7EF86-DF66-431C-B140-619B291C7A22}.Debug|x64.Deploy.0 = Debug|x64
		{7BD7EF86-DF66-431C-B140-619B291C7A22}.Release|Any CPU.ActiveCfg = Release|Any CPU
		{7BD7EF86-DF66-431C-B140-619B291C7A22}.Release|Any CPU.Build.0 = Release|Any CPU
		{7BD7EF86-DF66-431C-B140-619B291C7A22}.Release|Any CPU.Deploy.0 = Release|Any CPU
		{7BD7EF86-DF66-431C-B140-619B291C7A22}.Release|x64.ActiveCfg = Release|x64
		{7BD7EF86-DF66-431C-B140-619B291C7A22}.Release|x64.Build.0 = Release|x64
		{7BD7EF86-DF66-431C-B140-619B291C7A22}.Release|x64.Deploy.0 = Release|x64
	EndGlobalSection
	GlobalSection(SolutionProperties) = preSolution
		HideSolutionNode = FALSE
	EndGlobalSection
	GlobalSection(ExtensibilityGlobals) = postSolution
		SolutionGuid = {39A86D16-D12F-42AC-B351-D929B519EB10}
	EndGlobalSection
EndGlobal
